// !$*UTF8*$!
{
	archiveVersion = 1;
	classes = {
	};
	objectVersion = 50;
	objects = {

/* Begin PBXBuildFile section */
		6B1E3761269A4DEC00C573D1 /* AppDelegate.swift in Sources */ = {isa = PBXBuildFile; fileRef = 6B1E3760269A4DEC00C573D1 /* AppDelegate.swift */; };
		6B1E3763269A4DEC00C573D1 /* SceneDelegate.swift in Sources */ = {isa = PBXBuildFile; fileRef = 6B1E3762269A4DEC00C573D1 /* SceneDelegate.swift */; };
		6B1E3765269A4DEC00C573D1 /* ContentView.swift in Sources */ = {isa = PBXBuildFile; fileRef = 6B1E3764269A4DEC00C573D1 /* ContentView.swift */; };
		6B1E3767269A4DEF00C573D1 /* Assets.xcassets in Resources */ = {isa = PBXBuildFile; fileRef = 6B1E3766269A4DEF00C573D1 /* Assets.xcassets */; };
		6B1E376A269A4DEF00C573D1 /* Preview Assets.xcassets in Resources */ = {isa = PBXBuildFile; fileRef = 6B1E3769269A4DEF00C573D1 /* Preview Assets.xcassets */; };
		6B1E376D269A4DEF00C573D1 /* LaunchScreen.storyboard in Resources */ = {isa = PBXBuildFile; fileRef = 6B1E376B269A4DEF00C573D1 /* LaunchScreen.storyboard */; };
		6B1E3778269A4DEF00C573D1 /* flickrappTests.swift in Sources */ = {isa = PBXBuildFile; fileRef = 6B1E3777269A4DEF00C573D1 /* flickrappTests.swift */; };
		6B1E3783269A4DEF00C573D1 /* flickrappUITests.swift in Sources */ = {isa = PBXBuildFile; fileRef = 6B1E3782269A4DEF00C573D1 /* flickrappUITests.swift */; };
		6B1E3791269ABF7900C573D1 /* SearchInteractor.swift in Sources */ = {isa = PBXBuildFile; fileRef = 6B1E3790269ABF7900C573D1 /* SearchInteractor.swift */; };
		6BDAD60C26A0BDB200335F2A /* FlickrAPI.swift in Sources */ = {isa = PBXBuildFile; fileRef = 6BDAD60B26A0BDB200335F2A /* FlickrAPI.swift */; };
		6BDAD60D26A0BDB200335F2A /* FlickrAPI.swift in Sources */ = {isa = PBXBuildFile; fileRef = 6BDAD60B26A0BDB200335F2A /* FlickrAPI.swift */; };
		6BDAD61226A1E65F00335F2A /* ImageView.swift in Sources */ = {isa = PBXBuildFile; fileRef = 6BDAD61126A1E65F00335F2A /* ImageView.swift */; };
		6BDAD61326A1E65F00335F2A /* ImageView.swift in Sources */ = {isa = PBXBuildFile; fileRef = 6BDAD61126A1E65F00335F2A /* ImageView.swift */; };
/* End PBXBuildFile section */

/* Begin PBXContainerItemProxy section */
		6B1E3774269A4DEF00C573D1 /* PBXContainerItemProxy */ = {
			isa = PBXContainerItemProxy;
			containerPortal = 6B1E3755269A4DEC00C573D1 /* Project object */;
			proxyType = 1;
			remoteGlobalIDString = 6B1E375C269A4DEC00C573D1;
			remoteInfo = flickrapp;
		};
		6B1E377F269A4DEF00C573D1 /* PBXContainerItemProxy */ = {
			isa = PBXContainerItemProxy;
			containerPortal = 6B1E3755269A4DEC00C573D1 /* Project object */;
			proxyType = 1;
			remoteGlobalIDString = 6B1E375C269A4DEC00C573D1;
			remoteInfo = flickrapp;
		};
/* End PBXContainerItemProxy section */

/* Begin PBXFileReference section */
		6B1E375D269A4DEC00C573D1 /* flickrapp.app */ = {isa = PBXFileReference; explicitFileType = wrapper.application; includeInIndex = 0; path = flickrapp.app; sourceTree = BUILT_PRODUCTS_DIR; };
		6B1E3760269A4DEC00C573D1 /* AppDelegate.swift */ = {isa = PBXFileReference; lastKnownFileType = sourcecode.swift; path = AppDelegate.swift; sourceTree = "<group>"; };
		6B1E3762269A4DEC00C573D1 /* SceneDelegate.swift */ = {isa = PBXFileReference; lastKnownFileType = sourcecode.swift; path = SceneDelegate.swift; sourceTree = "<group>"; };
		6B1E3764269A4DEC00C573D1 /* ContentView.swift */ = {isa = PBXFileReference; lastKnownFileType = sourcecode.swift; path = ContentView.swift; sourceTree = "<group>"; };
		6B1E3766269A4DEF00C573D1 /* Assets.xcassets */ = {isa = PBXFileReference; lastKnownFileType = folder.assetcatalog; path = Assets.xcassets; sourceTree = "<group>"; };
		6B1E3769269A4DEF00C573D1 /* Preview Assets.xcassets */ = {isa = PBXFileReference; lastKnownFileType = folder.assetcatalog; path = "Preview Assets.xcassets"; sourceTree = "<group>"; };
		6B1E376C269A4DEF00C573D1 /* Base */ = {isa = PBXFileReference; lastKnownFileType = file.storyboard; name = Base; path = Base.lproj/LaunchScreen.storyboard; sourceTree = "<group>"; };
		6B1E376E269A4DEF00C573D1 /* Info.plist */ = {isa = PBXFileReference; lastKnownFileType = text.plist.xml; path = Info.plist; sourceTree = "<group>"; };
		6B1E3773269A4DEF00C573D1 /* flickrappTests.xctest */ = {isa = PBXFileReference; explicitFileType = wrapper.cfbundle; includeInIndex = 0; path = flickrappTests.xctest; sourceTree = BUILT_PRODUCTS_DIR; };
		6B1E3777269A4DEF00C573D1 /* flickrappTests.swift */ = {isa = PBXFileReference; lastKnownFileType = sourcecode.swift; path = flickrappTests.swift; sourceTree = "<group>"; };
		6B1E3779269A4DEF00C573D1 /* Info.plist */ = {isa = PBXFileReference; lastKnownFileType = text.plist.xml; path = Info.plist; sourceTree = "<group>"; };
		6B1E377E269A4DEF00C573D1 /* flickrappUITests.xctest */ = {isa = PBXFileReference; explicitFileType = wrapper.cfbundle; includeInIndex = 0; path = flickrappUITests.xctest; sourceTree = BUILT_PRODUCTS_DIR; };
		6B1E3782269A4DEF00C573D1 /* flickrappUITests.swift */ = {isa = PBXFileReference; lastKnownFileType = sourcecode.swift; path = flickrappUITests.swift; sourceTree = "<group>"; };
		6B1E3784269A4DEF00C573D1 /* Info.plist */ = {isa = PBXFileReference; lastKnownFileType = text.plist.xml; path = Info.plist; sourceTree = "<group>"; };
		6B1E3790269ABF7900C573D1 /* SearchInteractor.swift */ = {isa = PBXFileReference; lastKnownFileType = sourcecode.swift; path = SearchInteractor.swift; sourceTree = "<group>"; };
		6BDAD60B26A0BDB200335F2A /* FlickrAPI.swift */ = {isa = PBXFileReference; fileEncoding = 4; lastKnownFileType = sourcecode.swift; path = FlickrAPI.swift; sourceTree = "<group>"; };
		6BDAD61126A1E65F00335F2A /* ImageView.swift */ = {isa = PBXFileReference; lastKnownFileType = sourcecode.swift; path = ImageView.swift; sourceTree = "<group>"; };
/* End PBXFileReference section */

/* Begin PBXFrameworksBuildPhase section */
		6B1E375A269A4DEC00C573D1 /* Frameworks */ = {
			isa = PBXFrameworksBuildPhase;
			buildActionMask = 2147483647;
			files = (
			);
			runOnlyForDeploymentPostprocessing = 0;
		};
		6B1E3770269A4DEF00C573D1 /* Frameworks */ = {
			isa = PBXFrameworksBuildPhase;
			buildActionMask = 2147483647;
			files = (
			);
			runOnlyForDeploymentPostprocessing = 0;
		};
		6B1E377B269A4DEF00C573D1 /* Frameworks */ = {
			isa = PBXFrameworksBuildPhase;
			buildActionMask = 2147483647;
			files = (
			);
			runOnlyForDeploymentPostprocessing = 0;
		};
/* End PBXFrameworksBuildPhase section */

/* Begin PBXGroup section */
		6B1E3754269A4DEC00C573D1 = {
			isa = PBXGroup;
			children = (
				6B1E375F269A4DEC00C573D1 /* flickrapp */,
				6B1E3776269A4DEF00C573D1 /* flickrappTests */,
				6B1E3781269A4DEF00C573D1 /* flickrappUITests */,
				6B1E375E269A4DEC00C573D1 /* Products */,
			);
			sourceTree = "<group>";
		};
		6B1E375E269A4DEC00C573D1 /* Products */ = {
			isa = PBXGroup;
			children = (
				6B1E375D269A4DEC00C573D1 /* flickrapp.app */,
				6B1E3773269A4DEF00C573D1 /* flickrappTests.xctest */,
				6B1E377E269A4DEF00C573D1 /* flickrappUITests.xctest */,
			);
			name = Products;
			sourceTree = "<group>";
		};
		6B1E375F269A4DEC00C573D1 /* flickrapp */ = {
			isa = PBXGroup;
			children = (
				6B1E3760269A4DEC00C573D1 /* AppDelegate.swift */,
				6B1E3762269A4DEC00C573D1 /* SceneDelegate.swift */,
				6B1E3764269A4DEC00C573D1 /* ContentView.swift */,
				6BDAD61126A1E65F00335F2A /* ImageView.swift */,
				6BDAD60B26A0BDB200335F2A /* FlickrAPI.swift */,
				6B1E3790269ABF7900C573D1 /* SearchInteractor.swift */,
				6B1E3766269A4DEF00C573D1 /* Assets.xcassets */,
				6B1E376B269A4DEF00C573D1 /* LaunchScreen.storyboard */,
				6B1E376E269A4DEF00C573D1 /* Info.plist */,
				6B1E3768269A4DEF00C573D1 /* Preview Content */,
			);
			path = flickrapp;
			sourceTree = "<group>";
		};
		6B1E3768269A4DEF00C573D1 /* Preview Content */ = {
			isa = PBXGroup;
			children = (
				6B1E3769269A4DEF00C573D1 /* Preview Assets.xcassets */,
			);
			path = "Preview Content";
			sourceTree = "<group>";
		};
		6B1E3776269A4DEF00C573D1 /* flickrappTests */ = {
			isa = PBXGroup;
			children = (
				6B1E3777269A4DEF00C573D1 /* flickrappTests.swift */,
				6B1E3779269A4DEF00C573D1 /* Info.plist */,
			);
			path = flickrappTests;
			sourceTree = "<group>";
		};
		6B1E3781269A4DEF00C573D1 /* flickrappUITests */ = {
			isa = PBXGroup;
			children = (
				6B1E3782269A4DEF00C573D1 /* flickrappUITests.swift */,
				6B1E3784269A4DEF00C573D1 /* Info.plist */,
			);
			path = flickrappUITests;
			sourceTree = "<group>";
		};
/* End PBXGroup section */

/* Begin PBXNativeTarget section */
		6B1E375C269A4DEC00C573D1 /* flickrapp */ = {
			isa = PBXNativeTarget;
			buildConfigurationList = 6B1E3787269A4DEF00C573D1 /* Build configuration list for PBXNativeTarget "flickrapp" */;
			buildPhases = (
				6B1E3759269A4DEC00C573D1 /* Sources */,
				6B1E375A269A4DEC00C573D1 /* Frameworks */,
				6B1E375B269A4DEC00C573D1 /* Resources */,
			);
			buildRules = (
			);
			dependencies = (
			);
			name = flickrapp;
			productName = flickrapp;
			productReference = 6B1E375D269A4DEC00C573D1 /* flickrapp.app */;
			productType = "com.apple.product-type.application";
		};
		6B1E3772269A4DEF00C573D1 /* flickrappTests */ = {
			isa = PBXNativeTarget;
			buildConfigurationList = 6B1E378A269A4DEF00C573D1 /* Build configuration list for PBXNativeTarget "flickrappTests" */;
			buildPhases = (
				6B1E376F269A4DEF00C573D1 /* Sources */,
				6B1E3770269A4DEF00C573D1 /* Frameworks */,
				6B1E3771269A4DEF00C573D1 /* Resources */,
			);
			buildRules = (
			);
			dependencies = (
				6B1E3775269A4DEF00C573D1 /* PBXTargetDependency */,
			);
			name = flickrappTests;
			productName = flickrappTests;
			productReference = 6B1E3773269A4DEF00C573D1 /* flickrappTests.xctest */;
			productType = "com.apple.product-type.bundle.unit-test";
		};
		6B1E377D269A4DEF00C573D1 /* flickrappUITests */ = {
			isa = PBXNativeTarget;
			buildConfigurationList = 6B1E378D269A4DEF00C573D1 /* Build configuration list for PBXNativeTarget "flickrappUITests" */;
			buildPhases = (
				6B1E377A269A4DEF00C573D1 /* Sources */,
				6B1E377B269A4DEF00C573D1 /* Frameworks */,
				6B1E377C269A4DEF00C573D1 /* Resources */,
			);
			buildRules = (
			);
			dependencies = (
				6B1E3780269A4DEF00C573D1 /* PBXTargetDependency */,
			);
			name = flickrappUITests;
			productName = flickrappUITests;
			productReference = 6B1E377E269A4DEF00C573D1 /* flickrappUITests.xctest */;
			productType = "com.apple.product-type.bundle.ui-testing";
		};
/* End PBXNativeTarget section */

/* Begin PBXProject section */
		6B1E3755269A4DEC00C573D1 /* Project object */ = {
			isa = PBXProject;
			attributes = {
				LastSwiftUpdateCheck = 1250;
				LastUpgradeCheck = 1250;
				TargetAttributes = {
					6B1E375C269A4DEC00C573D1 = {
						CreatedOnToolsVersion = 12.5;
					};
					6B1E3772269A4DEF00C573D1 = {
						CreatedOnToolsVersion = 12.5;
						TestTargetID = 6B1E375C269A4DEC00C573D1;
					};
					6B1E377D269A4DEF00C573D1 = {
						CreatedOnToolsVersion = 12.5;
						TestTargetID = 6B1E375C269A4DEC00C573D1;
					};
				};
			};
			buildConfigurationList = 6B1E3758269A4DEC00C573D1 /* Build configuration list for PBXProject "flickrapp" */;
			compatibilityVersion = "Xcode 9.3";
			developmentRegion = en;
			hasScannedForEncodings = 0;
			knownRegions = (
				en,
				Base,
			);
			mainGroup = 6B1E3754269A4DEC00C573D1;
			productRefGroup = 6B1E375E269A4DEC00C573D1 /* Products */;
			projectDirPath = "";
			projectRoot = "";
			targets = (
				6B1E375C269A4DEC00C573D1 /* flickrapp */,
				6B1E3772269A4DEF00C573D1 /* flickrappTests */,
				6B1E377D269A4DEF00C573D1 /* flickrappUITests */,
			);
		};
/* End PBXProject section */

/* Begin PBXResourcesBuildPhase section */
		6B1E375B269A4DEC00C573D1 /* Resources */ = {
			isa = PBXResourcesBuildPhase;
			buildActionMask = 2147483647;
			files = (
				6B1E376D269A4DEF00C573D1 /* LaunchScreen.storyboard in Resources */,
				6B1E376A269A4DEF00C573D1 /* Preview Assets.xcassets in Resources */,
				6B1E3767269A4DEF00C573D1 /* Assets.xcassets in Resources */,
			);
			runOnlyForDeploymentPostprocessing = 0;
		};
		6B1E3771269A4DEF00C573D1 /* Resources */ = {
			isa = PBXResourcesBuildPhase;
			buildActionMask = 2147483647;
			files = (
			);
			runOnlyForDeploymentPostprocessing = 0;
		};
		6B1E377C269A4DEF00C573D1 /* Resources */ = {
			isa = PBXResourcesBuildPhase;
			buildActionMask = 2147483647;
			files = (
			);
			runOnlyForDeploymentPostprocessing = 0;
		};
/* End PBXResourcesBuildPhase section */

/* Begin PBXSourcesBuildPhase section */
		6B1E3759269A4DEC00C573D1 /* Sources */ = {
			isa = PBXSourcesBuildPhase;
			buildActionMask = 2147483647;
			files = (
				6BDAD61226A1E65F00335F2A /* ImageView.swift in Sources */,
				6B1E3761269A4DEC00C573D1 /* AppDelegate.swift in Sources */,
				6B1E3763269A4DEC00C573D1 /* SceneDelegate.swift in Sources */,
				6BDAD60C26A0BDB200335F2A /* FlickrAPI.swift in Sources */,
				6B1E3791269ABF7900C573D1 /* SearchInteractor.swift in Sources */,
				6B1E3765269A4DEC00C573D1 /* ContentView.swift in Sources */,
			);
			runOnlyForDeploymentPostprocessing = 0;
		};
		6B1E376F269A4DEF00C573D1 /* Sources */ = {
			isa = PBXSourcesBuildPhase;
			buildActionMask = 2147483647;
			files = (
				6BDAD61326A1E65F00335F2A /* ImageView.swift in Sources */,
				6B1E3778269A4DEF00C573D1 /* flickrappTests.swift in Sources */,
				6BDAD60D26A0BDB200335F2A /* FlickrAPI.swift in Sources */,
			);
			runOnlyForDeploymentPostprocessing = 0;
		};
		6B1E377A269A4DEF00C573D1 /* Sources */ = {
			isa = PBXSourcesBuildPhase;
			buildActionMask = 2147483647;
			files = (
				6B1E3783269A4DEF00C573D1 /* flickrappUITests.swift in Sources */,
			);
			runOnlyForDeploymentPostprocessing = 0;
		};
/* End PBXSourcesBuildPhase section */

/* Begin PBXTargetDependency section */
		6B1E3775269A4DEF00C573D1 /* PBXTargetDependency */ = {
			isa = PBXTargetDependency;
			target = 6B1E375C269A4DEC00C573D1 /* flickrapp */;
			targetProxy = 6B1E3774269A4DEF00C573D1 /* PBXContainerItemProxy */;
		};
		6B1E3780269A4DEF00C573D1 /* PBXTargetDependency */ = {
			isa = PBXTargetDependency;
			target = 6B1E375C269A4DEC00C573D1 /* flickrapp */;
			targetProxy = 6B1E377F269A4DEF00C573D1 /* PBXContainerItemProxy */;
		};
/* End PBXTargetDependency section */

/* Begin PBXVariantGroup section */
		6B1E376B269A4DEF00C573D1 /* LaunchScreen.storyboard */ = {
			isa = PBXVariantGroup;
			children = (
				6B1E376C269A4DEF00C573D1 /* Base */,
			);
			name = LaunchScreen.storyboard;
			sourceTree = "<group>";
		};
/* End PBXVariantGroup section */

/* Begin XCBuildConfiguration section */
		6B1E3785269A4DEF00C573D1 /* Debug */ = {
			isa = XCBuildConfiguration;
			buildSettings = {
				ALWAYS_SEARCH_USER_PATHS = NO;
				CLANG_ANALYZER_NONNULL = YES;
				CLANG_ANALYZER_NUMBER_OBJECT_CONVERSION = YES_AGGRESSIVE;
				CLANG_CXX_LANGUAGE_STANDARD = "gnu++14";
				CLANG_CXX_LIBRARY = "libc++";
				CLANG_ENABLE_MODULES = YES;
				CLANG_ENABLE_OBJC_ARC = YES;
				CLANG_ENABLE_OBJC_WEAK = YES;
				CLANG_WARN_BLOCK_CAPTURE_AUTORELEASING = YES;
				CLANG_WARN_BOOL_CONVERSION = YES;
				CLANG_WARN_COMMA = YES;
				CLANG_WARN_CONSTANT_CONVERSION = YES;
				CLANG_WARN_DEPRECATED_OBJC_IMPLEMENTATIONS = YES;
				CLANG_WARN_DIRECT_OBJC_ISA_USAGE = YES_ERROR;
				CLANG_WARN_DOCUMENTATION_COMMENTS = YES;
				CLANG_WARN_EMPTY_BODY = YES;
				CLANG_WARN_ENUM_CONVERSION = YES;
				CLANG_WARN_INFINITE_RECURSION = YES;
				CLANG_WARN_INT_CONVERSION = YES;
				CLANG_WARN_NON_LITERAL_NULL_CONVERSION = YES;
				CLANG_WARN_OBJC_IMPLICIT_RETAIN_SELF = YES;
				CLANG_WARN_OBJC_LITERAL_CONVERSION = YES;
				CLANG_WARN_OBJC_ROOT_CLASS = YES_ERROR;
				CLANG_WARN_QUOTED_INCLUDE_IN_FRAMEWORK_HEADER = YES;
				CLANG_WARN_RANGE_LOOP_ANALYSIS = YES;
				CLANG_WARN_STRICT_PROTOTYPES = YES;
				CLANG_WARN_SUSPICIOUS_MOVE = YES;
				CLANG_WARN_UNGUARDED_AVAILABILITY = YES_AGGRESSIVE;
				CLANG_WARN_UNREACHABLE_CODE = YES;
				CLANG_WARN__DUPLICATE_METHOD_MATCH = YES;
				COPY_PHASE_STRIP = NO;
				DEBUG_INFORMATION_FORMAT = dwarf;
				ENABLE_STRICT_OBJC_MSGSEND = YES;
				ENABLE_TESTABILITY = YES;
				GCC_C_LANGUAGE_STANDARD = gnu11;
				GCC_DYNAMIC_NO_PIC = NO;
				GCC_NO_COMMON_BLOCKS = YES;
				GCC_OPTIMIZATION_LEVEL = 0;
				GCC_PREPROCESSOR_DEFINITIONS = (
					"DEBUG=1",
					"$(inherited)",
				);
				GCC_WARN_64_TO_32_BIT_CONVERSION = YES;
				GCC_WARN_ABOUT_RETURN_TYPE = YES_ERROR;
				GCC_WARN_UNDECLARED_SELECTOR = YES;
				GCC_WARN_UNINITIALIZED_AUTOS = YES_AGGRESSIVE;
				GCC_WARN_UNUSED_FUNCTION = YES;
				GCC_WARN_UNUSED_VARIABLE = YES;
				IPHONEOS_DEPLOYMENT_TARGET = 14.5;
				MTL_ENABLE_DEBUG_INFO = INCLUDE_SOURCE;
				MTL_FAST_MATH = YES;
				ONLY_ACTIVE_ARCH = YES;
				SDKROOT = iphoneos;
				SWIFT_ACTIVE_COMPILATION_CONDITIONS = DEBUG;
				SWIFT_OPTIMIZATION_LEVEL = "-Onone";
			};
			name = Debug;
		};
		6B1E3786269A4DEF00C573D1 /* Release */ = {
			isa = XCBuildConfiguration;
			buildSettings = {
				ALWAYS_SEARCH_USER_PATHS = NO;
				CLANG_ANALYZER_NONNULL = YES;
				CLANG_ANALYZER_NUMBER_OBJECT_CONVERSION = YES_AGGRESSIVE;
				CLANG_CXX_LANGUAGE_STANDARD = "gnu++14";
				CLANG_CXX_LIBRARY = "libc++";
				CLANG_ENABLE_MODULES = YES;
				CLANG_ENABLE_OBJC_ARC = YES;
				CLANG_ENABLE_OBJC_WEAK = YES;
				CLANG_WARN_BLOCK_CAPTURE_AUTORELEASING = YES;
				CLANG_WARN_BOOL_CONVERSION = YES;
				CLANG_WARN_COMMA = YES;
				CLANG_WARN_CONSTANT_CONVERSION = YES;
				CLANG_WARN_DEPRECATED_OBJC_IMPLEMENTATIONS = YES;
				CLANG_WARN_DIRECT_OBJC_ISA_USAGE = YES_ERROR;
				CLANG_WARN_DOCUMENTATION_COMMENTS = YES;
				CLANG_WARN_EMPTY_BODY = YES;
				CLANG_WARN_ENUM_CONVERSION = YES;
				CLANG_WARN_INFINITE_RECURSION = YES;
				CLANG_WARN_INT_CONVERSION = YES;
				CLANG_WARN_NON_LITERAL_NULL_CONVERSION = YES;
				CLANG_WARN_OBJC_IMPLICIT_RETAIN_SELF = YES;
				CLANG_WARN_OBJC_LITERAL_CONVERSION = YES;
				CLANG_WARN_OBJC_ROOT_CLASS = YES_ERROR;
				CLANG_WARN_QUOTED_INCLUDE_IN_FRAMEWORK_HEADER = YES;
				CLANG_WARN_RANGE_LOOP_ANALYSIS = YES;
				CLANG_WARN_STRICT_PROTOTYPES = YES;
				CLANG_WARN_SUSPICIOUS_MOVE = YES;
				CLANG_WARN_UNGUARDED_AVAILABILITY = YES_AGGRESSIVE;
				CLANG_WARN_UNREACHABLE_CODE = YES;
				CLANG_WARN__DUPLICATE_METHOD_MATCH = YES;
				COPY_PHASE_STRIP = NO;
				DEBUG_INFORMATION_FORMAT = "dwarf-with-dsym";
				ENABLE_NS_ASSERTIONS = NO;
				ENABLE_STRICT_OBJC_MSGSEND = YES;
				GCC_C_LANGUAGE_STANDARD = gnu11;
				GCC_NO_COMMON_BLOCKS = YES;
				GCC_WARN_64_TO_32_BIT_CONVERSION = YES;
				GCC_WARN_ABOUT_RETURN_TYPE = YES_ERROR;
				GCC_WARN_UNDECLARED_SELECTOR = YES;
				GCC_WARN_UNINITIALIZED_AUTOS = YES_AGGRESSIVE;
				GCC_WARN_UNUSED_FUNCTION = YES;
				GCC_WARN_UNUSED_VARIABLE = YES;
				IPHONEOS_DEPLOYMENT_TARGET = 14.5;
				MTL_ENABLE_DEBUG_INFO = NO;
				MTL_FAST_MATH = YES;
				SDKROOT = iphoneos;
				SWIFT_COMPILATION_MODE = wholemodule;
				SWIFT_OPTIMIZATION_LEVEL = "-O";
				VALIDATE_PRODUCT = YES;
			};
			name = Release;
		};
		6B1E3788269A4DEF00C573D1 /* Debug */ = {
			isa = XCBuildConfiguration;
			buildSettings = {
				ASSETCATALOG_COMPILER_APPICON_NAME = AppIcon;
				ASSETCATALOG_COMPILER_GLOBAL_ACCENT_COLOR_NAME = AccentColor;
				CODE_SIGN_STYLE = Automatic;
				DEVELOPMENT_ASSET_PATHS = "\"flickrapp/Preview Content\"";
				DEVELOPMENT_TEAM = AE5DZKJHGN;
				ENABLE_PREVIEWS = YES;
				INFOPLIST_FILE = flickrapp/Info.plist;
				LD_RUNPATH_SEARCH_PATHS = (
					"$(inherited)",
					"@executable_path/Frameworks",
				);
				PRODUCT_BUNDLE_IDENTIFIER = com.magicive.apps.flickrapp;
				PRODUCT_NAME = "$(TARGET_NAME)";
				SWIFT_VERSION = 5.0;
				TARGETED_DEVICE_FAMILY = "1,2";
			};
			name = Debug;
		};
		6B1E3789269A4DEF00C573D1 /* Release */ = {
			isa = XCBuildConfiguration;
			buildSettings = {
				ASSETCATALOG_COMPILER_APPICON_NAME = AppIcon;
				ASSETCATALOG_COMPILER_GLOBAL_ACCENT_COLOR_NAME = AccentColor;
				CODE_SIGN_STYLE = Automatic;
				DEVELOPMENT_ASSET_PATHS = "\"flickrapp/Preview Content\"";
				DEVELOPMENT_TEAM = AE5DZKJHGN;
				ENABLE_PREVIEWS = YES;
				INFOPLIST_FILE = flickrapp/Info.plist;
				LD_RUNPATH_SEARCH_PATHS = (
					"$(inherited)",
					"@executable_path/Frameworks",
				);
				PRODUCT_BUNDLE_IDENTIFIER = com.magicive.apps.flickrapp;
				PRODUCT_NAME = "$(TARGET_NAME)";
				SWIFT_VERSION = 5.0;
				TARGETED_DEVICE_FAMILY = "1,2";
			};
			name = Release;
		};
		6B1E378B269A4DEF00C573D1 /* Debug */ = {
			isa = XCBuildConfiguration;
			buildSettings = {
				ALWAYS_EMBED_SWIFT_STANDARD_LIBRARIES = YES;
				BUNDLE_LOADER = "$(TEST_HOST)";
				CODE_SIGN_STYLE = Automatic;
				DEVELOPMENT_TEAM = AE5DZKJHGN;
				INFOPLIST_FILE = flickrappTests/Info.plist;
				IPHONEOS_DEPLOYMENT_TARGET = 14.5;
				LD_RUNPATH_SEARCH_PATHS = (
					"$(inherited)",
					"@executable_path/Frameworks",
					"@loader_path/Frameworks",
				);
				PRODUCT_BUNDLE_IDENTIFIER = com.magicive.apps.flickrappTests;
				PRODUCT_NAME = "$(TARGET_NAME)";
				SWIFT_VERSION = 5.0;
				TARGETED_DEVICE_FAMILY = "1,2";
				TEST_HOST = "$(BUILT_PRODUCTS_DIR)/flickrapp.app/flickrapp";
			};
			name = Debug;
		};
		6B1E378C269A4DEF00C573D1 /* Release */ = {
			isa = XCBuildConfiguration;
			buildSettings = {
				ALWAYS_EMBED_SWIFT_STANDARD_LIBRARIES = YES;
				BUNDLE_LOADER = "$(TEST_HOST)";
				CODE_SIGN_STYLE = Automatic;
				DEVELOPMENT_TEAM = AE5DZKJHGN;
				INFOPLIST_FILE = flickrappTests/Info.plist;
				IPHONEOS_DEPLOYMENT_TARGET = 14.5;
				LD_RUNPATH_SEARCH_PATHS = (
					"$(inherited)",
					"@executable_path/Frameworks",
					"@loader_path/Frameworks",
				);
				PRODUCT_BUNDLE_IDENTIFIER = com.magicive.apps.flickrappTests;
				PRODUCT_NAME = "$(TARGET_NAME)";
				SWIFT_VERSION = 5.0;
				TARGETED_DEVICE_FAMILY = "1,2";
				TEST_HOST = "$(BUILT_PRODUCTS_DIR)/flickrapp.app/flickrapp";
			};
			name = Release;
		};
		6B1E378E269A4DEF00C573D1 /* Debug */ = {
			isa = XCBuildConfiguration;
			buildSettings = {
				ALWAYS_EMBED_SWIFT_STANDARD_LIBRARIES = YES;
				CODE_SIGN_STYLE = Automatic;
				DEVELOPMENT_TEAM = AE5DZKJHGN;
				INFOPLIST_FILE = flickrappUITests/Info.plist;
				LD_RUNPATH_SEARCH_PATHS = (
					"$(inherited)",
					"@executable_path/Frameworks",
					"@loader_path/Frameworks",
				);
				PRODUCT_BUNDLE_IDENTIFIER = com.magicive.apps.flickrappUITests;
				PRODUCT_NAME = "$(TARGET_NAME)";
				SWIFT_VERSION = 5.0;
				TARGETED_DEVICE_FAMILY = "1,2";
				TEST_TARGET_NAME = flickrapp;
			};
			name = Debug;
		};
		6B1E378F269A4DEF00C573D1 /* Release */ = {
			isa = XCBuildConfiguration;
			buildSettings = {
				ALWAYS_EMBED_SWIFT_STANDARD_LIBRARIES = YES;
				CODE_SIGN_STYLE = Automatic;
				DEVELOPMENT_TEAM = AE5DZKJHGN;
				INFOPLIST_FILE = flickrappUITests/Info.plist;
				LD_RUNPATH_SEARCH_PATHS = (
					"$(inherited)",
					"@executable_path/Frameworks",
					"@loader_path/Frameworks",
				);
				PRODUCT_BUNDLE_IDENTIFIER = com.magicive.apps.flickrappUITests;
				PRODUCT_NAME = "$(TARGET_NAME)";
				SWIFT_VERSION = 5.0;
				TARGETED_DEVICE_FAMILY = "1,2";
				TEST_TARGET_NAME = flickrapp;
			};
			name = Release;
		};
/* End XCBuildConfiguration section */

/* Begin XCConfigurationList section */
		6B1E3758269A4DEC00C573D1 /* Build configuration list for PBXProject "flickrapp" */ = {
			isa = XCConfigurationList;
			buildConfigurations = (
				6B1E3785269A4DEF00C573D1 /* Debug */,
				6B1E3786269A4DEF00C573D1 /* Release */,
			);
			defaultConfigurationIsVisible = 0;
			defaultConfigurationName = Release;
		};
		6B1E3787269A4DEF00C573D1 /* Build configuration list for PBXNativeTarget "flickrapp" */ = {
			isa = XCConfigurationList;
			buildConfigurations = (
				6B1E3788269A4DEF00C573D1 /* Debug */,
				6B1E3789269A4DEF00C573D1 /* Release */,
			);
			defaultConfigurationIsVisible = 0;
			defaultConfigurationName = Release;
		};
		6B1E378A269A4DEF00C573D1 /* Build configuration list for PBXNativeTarget "flickrappTests" */ = {
			isa = XCConfigurationList;
			buildConfigurations = (
				6B1E378B269A4DEF00C573D1 /* Debug */,
				6B1E378C269A4DEF00C573D1 /* Release */,
			);
			defaultConfigurationIsVisible = 0;
			defaultConfigurationName = Release;
		};
		6B1E378D269A4DEF00C573D1 /* Build configuration list for PBXNativeTarget "flickrappUITests" */ = {
			isa = XCConfigurationList;
			buildConfigurations = (
				6B1E378E269A4DEF00C573D1 /* Debug */,
				6B1E378F269A4DEF00C573D1 /* Release */,
			);
			defaultConfigurationIsVisible = 0;
			defaultConfigurationName = Release;
		};
/* End XCConfigurationList section */
	};
	rootObject = 6B1E3755269A4DEC00C573D1 /* Project object */;
}
